# This file is automatically @generated by tinymist.
# It is not intended for manual editing.
version = "0.1.0-beta0"

[[document]]
id = "file:user_manual.typ"
inputs = []
main = "file:user_manual.typ"
root = "file:."
system-fonts = true

[[document]]
id = "file:用户手册.typ"
inputs = []
main = "file:用户手册.typ"
root = "file:."
system-fonts = true

[[document]]
id = "file:错误列表.typ"
inputs = []
main = "file:错误列表.typ"
root = "file:."
system-fonts = true

[[route]]
id = "file:错误列表.typ"
priority = 256

[[route]]
id = "file:用户手册.typ"
priority = 256

[[route]]
id = "file:user_manual.typ"
priority = 256
